// !$*UTF8*$!
{
	archiveVersion = 1;
	classes = {
	};
	objectVersion = 46;
	objects = {

/* Begin PBXBuildFile section */
		B49B6AE61EF0986400153337 /* input.swift in Sources */ = {isa = PBXBuildFile; fileRef = B49B6AE51EF0986400153337 /* input.swift */; };
		B49B6AE81EF098BA00153337 /* utilities.swift in Sources */ = {isa = PBXBuildFile; fileRef = B49B6AE71EF098BA00153337 /* utilities.swift */; };
		B49B6AEA1EF0992D00153337 /* death.swift in Sources */ = {isa = PBXBuildFile; fileRef = B49B6AE91EF0992D00153337 /* death.swift */; };
		B49B6AEC1EF09C7300153337 /* instructions.swift in Sources */ = {isa = PBXBuildFile; fileRef = B49B6AEB1EF09C7300153337 /* instructions.swift */; };
		B49B6AEE1EF09D1E00153337 /* shooting.swift in Sources */ = {isa = PBXBuildFile; fileRef = B49B6AED1EF09D1E00153337 /* shooting.swift */; };
		B49B6AF01EF09DE600153337 /* inventory.swift in Sources */ = {isa = PBXBuildFile; fileRef = B49B6AEF1EF09DE600153337 /* inventory.swift */; };
		B49B6AF21EF09FE300153337 /* turn.swift in Sources */ = {isa = PBXBuildFile; fileRef = B49B6AF11EF09FE300153337 /* turn.swift */; };
		B4F37C581ECD4F44002450C2 /* main.swift in Sources */ = {isa = PBXBuildFile; fileRef = B4F37C571ECD4F44002450C2 /* main.swift */; };
/* End PBXBuildFile section */

/* Begin PBXCopyFilesBuildPhase section */
		B4F37C521ECD4F44002450C2 /* CopyFiles */ = {
			isa = PBXCopyFilesBuildPhase;
			buildActionMask = 2147483647;
			dstPath = /usr/share/man/man1/;
			dstSubfolderSpec = 0;
			files = (
			);
			runOnlyForDeploymentPostprocessing = 1;
		};
/* End PBXCopyFilesBuildPhase section */

/* Begin PBXFileReference section */
		B49B6AE51EF0986400153337 /* input.swift */ = {isa = PBXFileReference; fileEncoding = 4; lastKnownFileType = sourcecode.swift; path = input.swift; sourceTree = "<group>"; };
		B49B6AE71EF098BA00153337 /* utilities.swift */ = {isa = PBXFileReference; fileEncoding = 4; lastKnownFileType = sourcecode.swift; path = utilities.swift; sourceTree = "<group>"; };
		B49B6AE91EF0992D00153337 /* death.swift */ = {isa = PBXFileReference; fileEncoding = 4; lastKnownFileType = sourcecode.swift; path = death.swift; sourceTree = "<group>"; };
		B49B6AEB1EF09C7300153337 /* instructions.swift */ = {isa = PBXFileReference; fileEncoding = 4; lastKnownFileType = sourcecode.swift; path = instructions.swift; sourceTree = "<group>"; };
		B49B6AED1EF09D1E00153337 /* shooting.swift */ = {isa = PBXFileReference; fileEncoding = 4; lastKnownFileType = sourcecode.swift; path = shooting.swift; sourceTree = "<group>"; };
		B49B6AEF1EF09DE600153337 /* inventory.swift */ = {isa = PBXFileReference; fileEncoding = 4; lastKnownFileType = sourcecode.swift; path = inventory.swift; sourceTree = "<group>"; };
		B49B6AF11EF09FE300153337 /* turn.swift */ = {isa = PBXFileReference; fileEncoding = 4; lastKnownFileType = sourcecode.swift; path = turn.swift; sourceTree = "<group>"; };
		B4F37C541ECD4F44002450C2 /* OregonTrail78 */ = {isa = PBXFileReference; explicitFileType = "compiled.mach-o.executable"; includeInIndex = 0; path = OregonTrail78; sourceTree = BUILT_PRODUCTS_DIR; };
		B4F37C571ECD4F44002450C2 /* main.swift */ = {isa = PBXFileReference; lastKnownFileType = sourcecode.swift; path = main.swift; sourceTree = "<group>"; };
/* End PBXFileReference section */

/* Begin PBXFrameworksBuildPhase section */
		B4F37C511ECD4F44002450C2 /* Frameworks */ = {
			isa = PBXFrameworksBuildPhase;
			buildActionMask = 2147483647;
			files = (
			);
			runOnlyForDeploymentPostprocessing = 0;
		};
/* End PBXFrameworksBuildPhase section */

/* Begin PBXGroup section */
		B4F37C4B1ECD4F44002450C2 = {
			isa = PBXGroup;
			children = (
				B4F37C561ECD4F44002450C2 /* OregonTrail78 */,
				B4F37C551ECD4F44002450C2 /* Products */,
			);
			sourceTree = "<group>";
		};
		B4F37C551ECD4F44002450C2 /* Products */ = {
			isa = PBXGroup;
			children = (
				B4F37C541ECD4F44002450C2 /* OregonTrail78 */,
			);
			name = Products;
			sourceTree = "<group>";
		};
		B4F37C561ECD4F44002450C2 /* OregonTrail78 */ = {
			isa = PBXGroup;
			children = (
				B4F37C571ECD4F44002450C2 /* main.swift */,
				B49B6AEF1EF09DE600153337 /* inventory.swift */,
				B49B6AEB1EF09C7300153337 /* instructions.swift */,
				B49B6AE91EF0992D00153337 /* death.swift */,
				B49B6AE51EF0986400153337 /* input.swift */,
				B49B6AE71EF098BA00153337 /* utilities.swift */,
				B49B6AED1EF09D1E00153337 /* shooting.swift */,
				B49B6AF11EF09FE300153337 /* turn.swift */,
			);
			path = OregonTrail78;
			sourceTree = "<group>";
		};
/* End PBXGroup section */

/* Begin PBXNativeTarget section */
		B4F37C531ECD4F44002450C2 /* OregonTrail78 */ = {
			isa = PBXNativeTarget;
			buildConfigurationList = B4F37C5B1ECD4F44002450C2 /* Build configuration list for PBXNativeTarget "OregonTrail78" */;
			buildPhases = (
				B4F37C501ECD4F44002450C2 /* Sources */,
				B4F37C511ECD4F44002450C2 /* Frameworks */,
				B4F37C521ECD4F44002450C2 /* CopyFiles */,
			);
			buildRules = (
			);
			dependencies = (
			);
			name = OregonTrail78;
			productName = OregonTrail78;
			productReference = B4F37C541ECD4F44002450C2 /* OregonTrail78 */;
			productType = "com.apple.product-type.tool";
		};
/* End PBXNativeTarget section */

/* Begin PBXProject section */
		B4F37C4C1ECD4F44002450C2 /* Project object */ = {
			isa = PBXProject;
			attributes = {
				LastSwiftUpdateCheck = 0830;
				LastUpgradeCheck = 0830;
				ORGANIZATIONNAME = "Peter Mikelsons";
				TargetAttributes = {
					B4F37C531ECD4F44002450C2 = {
						CreatedOnToolsVersion = 8.3.1;
						DevelopmentTeam = 7639YJKZ3F;
						ProvisioningStyle = Automatic;
					};
				};
			};
			buildConfigurationList = B4F37C4F1ECD4F44002450C2 /* Build configuration list for PBXProject "OregonTrail78" */;
			compatibilityVersion = "Xcode 3.2";
			developmentRegion = English;
			hasScannedForEncodings = 0;
			knownRegions = (
				en,
			);
			mainGroup = B4F37C4B1ECD4F44002450C2;
			productRefGroup = B4F37C551ECD4F44002450C2 /* Products */;
			projectDirPath = "";
			projectRoot = "";
			targets = (
				B4F37C531ECD4F44002450C2 /* OregonTrail78 */,
			);
		};
/* End PBXProject section */

/* Begin PBXSourcesBuildPhase section */
		B4F37C501ECD4F44002450C2 /* Sources */ = {
			isa = PBXSourcesBuildPhase;
			buildActionMask = 2147483647;
			files = (
				B49B6AEE1EF09D1E00153337 /* shooting.swift in Sources */,
				B49B6AF01EF09DE600153337 /* inventory.swift in Sources */,
				B49B6AEA1EF0992D00153337 /* death.swift in Sources */,
				B49B6AEC1EF09C7300153337 /* instructions.swift in Sources */,
				B49B6AE81EF098BA00153337 /* utilities.swift in Sources */,
				B49B6AE61EF0986400153337 /* input.swift in Sources */,
				B49B6AF21EF09FE300153337 /* turn.swift in Sources */,
				B4F37C581ECD4F44002450C2 /* main.swift in Sources */,
			);
			runOnlyForDeploymentPostprocessing = 0;
		};
/* End PBXSourcesBuildPhase section */

/* Begin XCBuildConfiguration section */
		B4F37C591ECD4F44002450C2 /* Debug */ = {
			isa = XCBuildConfiguration;
			buildSettings = {
				ALWAYS_SEARCH_USER_PATHS = NO;
				CLANG_ANALYZER_NONNULL = YES;
				CLANG_ANALYZER_NUMBER_OBJECT_CONVERSION = YES_AGGRESSIVE;
				CLANG_CXX_LANGUAGE_STANDARD = "gnu++0x";
				CLANG_CXX_LIBRARY = "libc++";
				CLANG_ENABLE_MODULES = YES;
				CLANG_ENABLE_OBJC_ARC = YES;
				CLANG_WARN_BOOL_CONVERSION = YES;
				CLANG_WARN_CONSTANT_CONVERSION = YES;
				CLANG_WARN_DIRECT_OBJC_ISA_USAGE = YES_ERROR;
				CLANG_WARN_DOCUMENTATION_COMMENTS = YES;
				CLANG_WARN_EMPTY_BODY = YES;
				CLANG_WARN_ENUM_CONVERSION = YES;
				CLANG_WARN_INFINITE_RECURSION = YES;
				CLANG_WARN_INT_CONVERSION = YES;
				CLANG_WARN_OBJC_ROOT_CLASS = YES_ERROR;
				CLANG_WARN_SUSPICIOUS_MOVE = YES;
				CLANG_WARN_UNREACHABLE_CODE = YES;
				CLANG_WARN__DUPLICATE_METHOD_MATCH = YES;
				CODE_SIGN_IDENTITY = "-";
				COPY_PHASE_STRIP = NO;
				DEBUG_INFORMATION_FORMAT = dwarf;
				ENABLE_STRICT_OBJC_MSGSEND = YES;
				ENABLE_TESTABILITY = YES;
				GCC_C_LANGUAGE_STANDARD = gnu99;
				GCC_DYNAMIC_NO_PIC = NO;
				GCC_NO_COMMON_BLOCKS = YES;
				GCC_OPTIMIZATION_LEVEL = 0;
				GCC_PREPROCESSOR_DEFINITIONS = (
					"DEBUG=1",
					"$(inherited)",
				);
				GCC_WARN_64_TO_32_BIT_CONVERSION = YES;
				GCC_WARN_ABOUT_RETURN_TYPE = YES_ERROR;
				GCC_WARN_UNDECLARED_SELECTOR = YES;
				GCC_WARN_UNINITIALIZED_AUTOS = YES_AGGRESSIVE;
				GCC_WARN_UNUSED_FUNCTION = YES;
				GCC_WARN_UNUSED_VARIABLE = YES;
				MACOSX_DEPLOYMENT_TARGET = 10.12;
				MTL_ENABLE_DEBUG_INFO = YES;
				ONLY_ACTIVE_ARCH = YES;
				SDKROOT = macosx;
				SWIFT_OPTIMIZATION_LEVEL = "-Onone";
			};
			name = Debug;
		};
		B4F37C5A1ECD4F44002450C2 /* Release */ = {
			isa = XCBuildConfiguration;
			buildSettings = {
				ALWAYS_SEARCH_USER_PATHS = NO;
				CLANG_ANALYZER_NONNULL = YES;
				CLANG_ANALYZER_NUMBER_OBJECT_CONVERSION = YES_AGGRESSIVE;
				CLANG_CXX_LANGUAGE_STANDARD = "gnu++0x";
				CLANG_CXX_LIBRARY = "libc++";
				CLANG_ENABLE_MODULES = YES;
				CLANG_ENABLE_OBJC_ARC = YES;
				CLANG_WARN_BOOL_CONVERSION = YES;
				CLANG_WARN_CONSTANT_CONVERSION = YES;
				CLANG_WARN_DIRECT_OBJC_ISA_USAGE = YES_ERROR;
				CLANG_WARN_DOCUMENTATION_COMMENTS = YES;
				CLANG_WARN_EMPTY_BODY = YES;
				CLANG_WARN_ENUM_CONVERSION = YES;
				CLANG_WARN_INFINITE_RECURSION = YES;
				CLANG_WARN_INT_CONVERSION = YES;
				CLANG_WARN_OBJC_ROOT_CLASS = YES_ERROR;
				CLANG_WARN_SUSPICIOUS_MOVE = YES;
				CLANG_WARN_UNREACHABLE_CODE = YES;
				CLANG_WARN__DUPLICATE_METHOD_MATCH = YES;
				CODE_SIGN_IDENTITY = "-";
				COPY_PHASE_STRIP = NO;
				DEBUG_INFORMATION_FORMAT = "dwarf-with-dsym";
				ENABLE_NS_ASSERTIONS = NO;
				ENABLE_STRICT_OBJC_MSGSEND = YES;
				GCC_C_LANGUAGE_STANDARD = gnu99;
				GCC_NO_COMMON_BLOCKS = YES;
				GCC_WARN_64_TO_32_BIT_CONVERSION = YES;
				GCC_WARN_ABOUT_RETURN_TYPE = YES_ERROR;
				GCC_WARN_UNDECLARED_SELECTOR = YES;
				GCC_WARN_UNINITIALIZED_AUTOS = YES_AGGRESSIVE;
				GCC_WARN_UNUSED_FUNCTION = YES;
				GCC_WARN_UNUSED_VARIABLE = YES;
				MACOSX_DEPLOYMENT_TARGET = 10.12;
				MTL_ENABLE_DEBUG_INFO = NO;
				SDKROOT = macosx;
			};
			name = Release;
		};
		B4F37C5C1ECD4F44002450C2 /* Debug */ = {
			isa = XCBuildConfiguration;
			buildSettings = {
				DEVELOPMENT_TEAM = 7639YJKZ3F;
				PRODUCT_NAME = "$(TARGET_NAME)";
				SWIFT_VERSION = 3.0;
			};
			name = Debug;
		};
		B4F37C5D1ECD4F44002450C2 /* Release */ = {
			isa = XCBuildConfiguration;
			buildSettings = {
				DEVELOPMENT_TEAM = 7639YJKZ3F;
				PRODUCT_NAME = "$(TARGET_NAME)";
				SWIFT_VERSION = 3.0;
			};
			name = Release;
		};
/* End XCBuildConfiguration section */

/* Begin XCConfigurationList section */
		B4F37C4F1ECD4F44002450C2 /* Build configuration list for PBXProject "OregonTrail78" */ = {
			isa = XCConfigurationList;
			buildConfigurations = (
				B4F37C591ECD4F44002450C2 /* Debug */,
				B4F37C5A1ECD4F44002450C2 /* Release */,
			);
			defaultConfigurationIsVisible = 0;
			defaultConfigurationName = Release;
		};
		B4F37C5B1ECD4F44002450C2 /* Build configuration list for PBXNativeTarget "OregonTrail78" */ = {
			isa = XCConfigurationList;
			buildConfigurations = (
				B4F37C5C1ECD4F44002450C2 /* Debug */,
				B4F37C5D1ECD4F44002450C2 /* Release */,
			);
			defaultConfigurationIsVisible = 0;
			defaultConfigurationName = Release;
		};
/* End XCConfigurationList section */
	};
	rootObject = B4F37C4C1ECD4F44002450C2 /* Project object */;
}
